
Microsoft Visual Studio Solution File, Format Version 12.00
# Visual Studio Version 17
VisualStudioVersion = 17.9.34723.18
MinimumVisualStudioVersion = 10.0.40219.1
Project("{9A19103F-16F7-4668-BE54-9A1E7A4F7556}") = "RemoteControlCompetition", "RemoteControlCompetition.csproj", "{742BD7DA-4763-490A-AD3E-953AB3B5053F}"
EndProject
Global
	GlobalSection(SolutionConfigurationPlatforms) = preSolution
		Debug|Any CPU = Debug|Any CPU
		Release|Any CPU = Release|Any CPU
	EndGlobalSection
	GlobalSection(ProjectConfigurationPlatforms) = postSolution
		{742BD7DA-4763-490A-AD3E-953AB3B5053F}.Debug|Any CPU.ActiveCfg = Debug|Any CPU
		{742BD7DA-4763-490A-AD3E-953AB3B5053F}.Debug|Any CPU.Build.0 = Debug|Any CPU
		{742BD7DA-4763-490A-AD3E-953AB3B5053F}.Release|Any CPU.ActiveCfg = Release|Any CPU
		{742BD7DA-4763-490A-AD3E-953AB3B5053F}.Release|Any CPU.Build.0 = Release|Any CPU
	EndGlobalSection
	GlobalSection(SolutionProperties) = preSolution
		HideSolutionNode = FALSE
	EndGlobalSection
	GlobalSection(ExtensibilityGlobals) = postSolution
		SolutionGuid = {B2479D53-EF9D-4EAC-B991-E6567483A7AA}
	EndGlobalSection
EndGlobal
